
Microsoft Visual Studio Solution File, Format Version 12.00
# Visual Studio Version 17
VisualStudioVersion = 17.10.35004.147
MinimumVisualStudioVersion = 10.0.40219.1
Project("{FAE04EC0-301F-11D3-BF4B-00C04F79EFBC}") = "password", "password\password.csproj", "{BB660163-3549-49E5-9671-31BC1F046E1A}"
EndProject
Global
	GlobalSection(SolutionConfigurationPlatforms) = preSolution
		Debug|Any CPU = Debug|Any CPU
		Release|Any CPU = Release|Any CPU
	EndGlobalSection
	GlobalSection(ProjectConfigurationPlatforms) = postSolution
		{BB660163-3549-49E5-9671-31BC1F046E1A}.Debug|Any CPU.ActiveCfg = Debug|Any CPU
		{BB660163-3549-49E5-9671-31BC1F046E1A}.Debug|Any CPU.Build.0 = Debug|Any CPU
		{BB660163-3549-49E5-9671-31BC1F046E1A}.Release|Any CPU.ActiveCfg = Release|Any CPU
		{BB660163-3549-49E5-9671-31BC1F046E1A}.Release|Any CPU.Build.0 = Release|Any CPU
	EndGlobalSection
	GlobalSection(SolutionProperties) = preSolution
		HideSolutionNode = FALSE
	EndGlobalSection
	GlobalSection(ExtensibilityGlobals) = postSolution
		SolutionGuid = {0754D9AE-2647-4CAF-901D-DA3B0FBA5D41}
	EndGlobalSection
EndGlobal
